{
    "_readme": [
        "This file locks the dependencies of your project to a known state",
        "Read more about it at https://getcomposer.org/doc/01-basic-usage.md#composer-lock-the-lock-file",
        "This file is @generated automatically"
    ],
    "hash": "8c4999fcd69c9055e538855cf505f624",
    "content-hash": "9d7dcfdd60401aaf1b7838c654a4779d",
    "packages": [
        {
            "name": "mustangostang/spyc",
            "version": "0.5.1",
            "source": {
                "type": "git",
                "url": "https://github.com/mustangostang/spyc.git",
                "reference": "dc4785b4d7227fd9905e086d499fb8abfadf9977"
            },
            "dist": {
                "type": "zip",
                "url": "https://api.github.com/repos/mustangostang/spyc/zipball/dc4785b4d7227fd9905e086d499fb8abfadf9977",
                "reference": "dc4785b4d7227fd9905e086d499fb8abfadf9977",
                "shasum": ""
            },
            "require": {
                "php": ">=5.3.1"
            },
            "type": "library",
            "extra": {
                "branch-alias": {
                    "dev-master": "0.5.x-dev"
                }
            },
            "autoload": {
                "files": [
                    "Spyc.php"
                ]
            },
            "notification-url": "https://packagist.org/downloads/",
            "license": [
                "MIT License"
            ],
            "authors": [
                {
                    "name": "mustangostang",
                    "email": "vlad.andersen@gmail.com"
                }
            ],
            "description": "A simple YAML loader/dumper class for PHP",
            "homepage": "https://github.com/mustangostang/spyc/",
            "keywords": [
                "spyc",
                "yaml",
                "yml"
            ],
            "time": "2013-02-21 10:52:01"
        },
        {
            "name": "nette/caching",
            "version": "v2.4.3",
            "source": {
                "type": "git",
                "url": "https://github.com/nette/caching.git",
                "reference": "f60c1767fe5a4b2b45edf2a98cf9dc70c15ea1b1"
            },
            "dist": {
                "type": "zip",
                "url": "https://api.github.com/repos/nette/caching/zipball/f60c1767fe5a4b2b45edf2a98cf9dc70c15ea1b1",
                "reference": "f60c1767fe5a4b2b45edf2a98cf9dc70c15ea1b1",
                "shasum": ""
            },
            "require": {
                "nette/finder": "~2.2",
                "nette/utils": "~2.2",
                "php": ">=5.4.4"
            },
            "conflict": {
                "nette/nette": "<2.2"
            },
            "require-dev": {
                "latte/latte": "~2.3.0",
                "nette/di": "~2.3",
                "nette/tester": "~1.6"
            },
            "type": "library",
            "extra": {
                "branch-alias": {
                    "dev-master": "2.4-dev"
                }
            },
            "autoload": {
                "classmap": [
                    "src/"
                ]
            },
            "notification-url": "https://packagist.org/downloads/",
            "license": [
                "BSD-3-Clause",
                "GPL-2.0",
                "GPL-3.0"
            ],
            "authors": [
                {
                    "name": "David Grudl",
                    "homepage": "https://davidgrudl.com"
                },
                {
                    "name": "Nette Community",
                    "homepage": "https://nette.org/contributors"
                }
            ],
            "description": "Nette Caching Component",
            "homepage": "https://nette.org",
            "time": "2015-11-29 21:35:25"
        },
        {
            "name": "nette/finder",
            "version": "v2.3.2",
            "source": {
                "type": "git",
                "url": "https://github.com/nette/finder.git",
                "reference": "ea8e796b42d542bd90e76f5b2a41c2c86a008256"
            },
            "dist": {
                "type": "zip",
                "url": "https://api.github.com/repos/nette/finder/zipball/ea8e796b42d542bd90e76f5b2a41c2c86a008256",
                "reference": "ea8e796b42d542bd90e76f5b2a41c2c86a008256",
                "shasum": ""
            },
            "require": {
                "nette/utils": "~2.2",
                "php": ">=5.3.1"
            },
            "conflict": {
                "nette/nette": "<2.2"
            },
            "require-dev": {
                "nette/tester": "~1.4"
            },
            "type": "library",
            "autoload": {
                "classmap": [
                    "src/"
                ]
            },
            "notification-url": "https://packagist.org/downloads/",
            "license": [
                "BSD-3-Clause",
                "GPL-2.0",
                "GPL-3.0"
            ],
            "authors": [
                {
                    "name": "David Grudl",
                    "homepage": "https://davidgrudl.com"
                },
                {
                    "name": "Nette Community",
                    "homepage": "https://nette.org/contributors"
                }
            ],
            "description": "Nette Finder: Files Searching",
            "homepage": "https://nette.org",
            "time": "2015-10-20 17:15:41"
        },
        {
            "name": "nette/utils",
            "version": "v2.3.7",
            "source": {
                "type": "git",
                "url": "https://github.com/nette/utils.git",
                "reference": "6f1ed73088c28a24acc9657ca14b3418a270e24b"
            },
            "dist": {
                "type": "zip",
                "url": "https://api.github.com/repos/nette/utils/zipball/6f1ed73088c28a24acc9657ca14b3418a270e24b",
                "reference": "6f1ed73088c28a24acc9657ca14b3418a270e24b",
                "shasum": ""
            },
            "require": {
                "php": ">=5.3.1"
            },
            "conflict": {
                "nette/nette": "<2.2"
            },
            "require-dev": {
                "nette/tester": "~1.0"
            },
            "suggest": {
                "ext-gd": "to use Image",
                "ext-iconv": "to use Strings::webalize() and toAscii()",
                "ext-intl": "for script transliteration in Strings::webalize() and toAscii()",
                "ext-mbstring": "to use Strings::lower() etc..."
            },
            "type": "library",
            "autoload": {
                "classmap": [
                    "src/"
                ]
            },
            "notification-url": "https://packagist.org/downloads/",
            "license": [
                "BSD-3-Clause",
                "GPL-2.0",
                "GPL-3.0"
            ],
            "authors": [
                {
                    "name": "David Grudl",
                    "homepage": "https://davidgrudl.com"
                },
                {
                    "name": "Nette Community",
                    "homepage": "https://nette.org/contributors"
                }
            ],
            "description": "Nette Utility Classes",
            "homepage": "https://nette.org",
            "time": "2015-11-30 00:11:35"
        },
        {
            "name": "tiesa/ldap",
            "version": "dev-master",
            "target-dir": "Toyota/Component/Ldap",
            "source": {
                "type": "git",
                "url": "https://github.com/ccottet/ldap.git",
                "reference": "0759f17996fbb434ee5155dc527b95d8059c6d41"
            },
            "dist": {
                "type": "zip",
                "url": "https://api.github.com/repos/ccottet/ldap/zipball/0759f17996fbb434ee5155dc527b95d8059c6d41",
                "reference": "0759f17996fbb434ee5155dc527b95d8059c6d41",
                "shasum": ""
            },
            "require": {
                "ext-ldap": "*",
                "php": ">=5.3.3"
            },
            "require-dev": {
                "phpunit/phpunit": ">=3.7.13"
            },
            "type": "library",
            "extra": {
                "branch-alias": {
                    "dev-master": "1.0-dev"
                }
            },
            "autoload": {
                "psr-0": {
                    "Toyota\\Component\\Ldap\\": ""
                }
            },
            "notification-url": "https://packagist.org/downloads/",
            "license": [
                "MIT"
            ],
            "authors": [
                {
                    "name": "Cyril Cottet",
                    "email": "cyril.cottet@gmail.com"
                }
            ],
            "description": "LDAP made easy & practical to use in PHP",
            "homepage": "https://github.com/ccottet/ldap",
            "keywords": [
                "ldap"
            ],
            "time": "2013-02-04 07:37:38"
        },
        {
            "name": "wp-cli/php-cli-tools",
            "version": "v0.11.0",
            "source": {
                "type": "git",
                "url": "https://github.com/wp-cli/php-cli-tools.git",
                "reference": "d0564da283585c7289e18877ed2f9c35c1b67013"
            },
            "dist": {
                "type": "zip",
                "url": "https://api.github.com/repos/wp-cli/php-cli-tools/zipball/d0564da283585c7289e18877ed2f9c35c1b67013",
                "reference": "d0564da283585c7289e18877ed2f9c35c1b67013",
                "shasum": ""
            },
            "require": {
                "php": ">= 5.3.0"
            },
            "type": "library",
            "autoload": {
                "psr-0": {
                    "cli": "lib/"
                },
                "files": [
                    "lib/cli/cli.php"
                ]
            },
            "notification-url": "https://packagist.org/downloads/",
            "license": [
                "MIT"
            ],
            "authors": [
                {
                    "name": "James Logsdon",
                    "email": "jlogsdon@php.net",
                    "role": "Developer"
                },
                {
                    "name": "Daniel Bachhuber",
                    "email": "daniel@handbuilt.co",
                    "role": "Maintainer"
                }
            ],
            "description": "Console utilities for PHP",
            "homepage": "http://github.com/wp-cli/php-cli-tools",
            "keywords": [
                "cli",
                "console"
            ],
            "time": "2016-01-01 01:01:20"
        }
    ],
    "packages-dev": [],
    "aliases": [],
    "minimum-stability": "stable",
    "stability-flags": {
        "tiesa/ldap": 20
    },
    "prefer-stable": false,
    "prefer-lowest": false,
    "platform": [],
    "platform-dev": []
}
